
Microsoft Visual Studio Solution File, Format Version 12.00
# Visual Studio Version 17
VisualStudioVersion = 17.0.31903.59
MinimumVisualStudioVersion = 10.0.40219.1
Project("{2150E333-8FDC-42A3-9474-1A3956D46DE8}") = "src", "src", "{593B42B8-00AC-439C-BAED-DA71E9E49B28}"
EndProject
Project("{FAE04EC0-301F-11D3-BF4B-00C04F79EFBC}") = "Prohori.Api", "src\Prohori.Api\Prohori.Api.csproj", "{E06AC2D7-B515-43E7-88DD-7C668E88CD8F}"
EndProject
Project("{2150E333-8FDC-42A3-9474-1A3956D46DE8}") = "tests", "tests", "{00139C5C-22B0-407E-B3BA-2B325491ED7F}"
EndProject
Project("{FAE04EC0-301F-11D3-BF4B-00C04F79EFBC}") = "Prohori.Api.Tests", "tests\Prohori.Api.Tests\Prohori.Api.Tests.csproj", "{0E62242B-DD1E-4EC1-A2AB-1F5C64CDEFE5}"
EndProject
Project("{FAE04EC0-301F-11D3-BF4B-00C04F79EFBC}") = "Prohori.BulkClient", "src\Prohori.BulkClient\Prohori.BulkClient.csproj", "{A6DF9995-5364-4323-891C-E3B7F098201E}"
EndProject
Project("{FAE04EC0-301F-11D3-BF4B-00C04F79EFBC}") = "Prohori.V2Gateway", "src\Prohori.V2Gateway\Prohori.V2Gateway.csproj", "{EE5F4E18-B785-4BB2-8FEC-CFF063123B79}"
EndProject
Project("{FAE04EC0-301F-11D3-BF4B-00C04F79EFBC}") = "Prohori.V2Gateway.Tests", "tests\Prohori.V2Gateway.Tests\Prohori.V2Gateway.Tests.csproj", "{97FFC87D-5C87-4134-98DE-EFBA573EADFF}"
EndProject
Project("{FAE04EC0-301F-11D3-BF4B-00C04F79EFBC}") = "Prohori.Subscriber", "src\Prohori.Subscriber\Prohori.Subscriber.csproj", "{557ABA5E-A042-459E-8E7F-D0847C8B49C5}"
EndProject
Project("{FAE04EC0-301F-11D3-BF4B-00C04F79EFBC}") = "Prohori.Subscriber.Tests", "tests\Prohori.Subscriber.Tests\Prohori.Subscriber.Tests.csproj", "{4A82C96D-1E61-45E5-A6B8-A68B2794991C}"
EndProject
Global
	GlobalSection(SolutionConfigurationPlatforms) = preSolution
		Debug|Any CPU = Debug|Any CPU
		Release|Any CPU = Release|Any CPU
	EndGlobalSection
	GlobalSection(SolutionProperties) = preSolution
		HideSolutionNode = FALSE
	EndGlobalSection
	GlobalSection(ProjectConfigurationPlatforms) = postSolution
		{E06AC2D7-B515-43E7-88DD-7C668E88CD8F}.Debug|Any CPU.ActiveCfg = Debug|Any CPU
		{E06AC2D7-B515-43E7-88DD-7C668E88CD8F}.Debug|Any CPU.Build.0 = Debug|Any CPU
		{E06AC2D7-B515-43E7-88DD-7C668E88CD8F}.Release|Any CPU.ActiveCfg = Release|Any CPU
		{E06AC2D7-B515-43E7-88DD-7C668E88CD8F}.Release|Any CPU.Build.0 = Release|Any CPU
		{0E62242B-DD1E-4EC1-A2AB-1F5C64CDEFE5}.Debug|Any CPU.ActiveCfg = Debug|Any CPU
		{0E62242B-DD1E-4EC1-A2AB-1F5C64CDEFE5}.Debug|Any CPU.Build.0 = Debug|Any CPU
		{0E62242B-DD1E-4EC1-A2AB-1F5C64CDEFE5}.Release|Any CPU.ActiveCfg = Release|Any CPU
		{0E62242B-DD1E-4EC1-A2AB-1F5C64CDEFE5}.Release|Any CPU.Build.0 = Release|Any CPU
		{A6DF9995-5364-4323-891C-E3B7F098201E}.Debug|Any CPU.ActiveCfg = Debug|Any CPU
		{A6DF9995-5364-4323-891C-E3B7F098201E}.Debug|Any CPU.Build.0 = Debug|Any CPU
		{A6DF9995-5364-4323-891C-E3B7F098201E}.Release|Any CPU.ActiveCfg = Release|Any CPU
		{A6DF9995-5364-4323-891C-E3B7F098201E}.Release|Any CPU.Build.0 = Release|Any CPU
		{EE5F4E18-B785-4BB2-8FEC-CFF063123B79}.Debug|Any CPU.ActiveCfg = Debug|Any CPU
		{EE5F4E18-B785-4BB2-8FEC-CFF063123B79}.Debug|Any CPU.Build.0 = Debug|Any CPU
		{EE5F4E18-B785-4BB2-8FEC-CFF063123B79}.Release|Any CPU.ActiveCfg = Release|Any CPU
		{EE5F4E18-B785-4BB2-8FEC-CFF063123B79}.Release|Any CPU.Build.0 = Release|Any CPU
		{97FFC87D-5C87-4134-98DE-EFBA573EADFF}.Debug|Any CPU.ActiveCfg = Debug|Any CPU
		{97FFC87D-5C87-4134-98DE-EFBA573EADFF}.Debug|Any CPU.Build.0 = Debug|Any CPU
		{97FFC87D-5C87-4134-98DE-EFBA573EADFF}.Release|Any CPU.ActiveCfg = Release|Any CPU
		{97FFC87D-5C87-4134-98DE-EFBA573EADFF}.Release|Any CPU.Build.0 = Release|Any CPU
		{557ABA5E-A042-459E-8E7F-D0847C8B49C5}.Debug|Any CPU.ActiveCfg = Debug|Any CPU
		{557ABA5E-A042-459E-8E7F-D0847C8B49C5}.Debug|Any CPU.Build.0 = Debug|Any CPU
		{557ABA5E-A042-459E-8E7F-D0847C8B49C5}.Release|Any CPU.ActiveCfg = Release|Any CPU
		{557ABA5E-A042-459E-8E7F-D0847C8B49C5}.Release|Any CPU.Build.0 = Release|Any CPU
		{4A82C96D-1E61-45E5-A6B8-A68B2794991C}.Debug|Any CPU.ActiveCfg = Debug|Any CPU
		{4A82C96D-1E61-45E5-A6B8-A68B2794991C}.Debug|Any CPU.Build.0 = Debug|Any CPU
		{4A82C96D-1E61-45E5-A6B8-A68B2794991C}.Release|Any CPU.ActiveCfg = Release|Any CPU
		{4A82C96D-1E61-45E5-A6B8-A68B2794991C}.Release|Any CPU.Build.0 = Release|Any CPU
	EndGlobalSection
	GlobalSection(NestedProjects) = preSolution
		{E06AC2D7-B515-43E7-88DD-7C668E88CD8F} = {593B42B8-00AC-439C-BAED-DA71E9E49B28}
		{0E62242B-DD1E-4EC1-A2AB-1F5C64CDEFE5} = {00139C5C-22B0-407E-B3BA-2B325491ED7F}
		{A6DF9995-5364-4323-891C-E3B7F098201E} = {593B42B8-00AC-439C-BAED-DA71E9E49B28}
		{EE5F4E18-B785-4BB2-8FEC-CFF063123B79} = {593B42B8-00AC-439C-BAED-DA71E9E49B28}
		{97FFC87D-5C87-4134-98DE-EFBA573EADFF} = {00139C5C-22B0-407E-B3BA-2B325491ED7F}
		{557ABA5E-A042-459E-8E7F-D0847C8B49C5} = {593B42B8-00AC-439C-BAED-DA71E9E49B28}
		{4A82C96D-1E61-45E5-A6B8-A68B2794991C} = {00139C5C-22B0-407E-B3BA-2B325491ED7F}
	EndGlobalSection
EndGlobal
